
Microsoft Visual Studio Solution File, Format Version 12.00
Project("{FAE04EC0-301F-11D3-BF4B-00C04F79EFBC}") = "AssignmentForum", "AssignmentForum.csproj", "{2548D43D-2BA4-42E1-AC6F-4F67341A135A}"
EndProject
Global
	GlobalSection(SolutionConfigurationPlatforms) = preSolution
		Debug|Any CPU = Debug|Any CPU
		Release|Any CPU = Release|Any CPU
	EndGlobalSection
	GlobalSection(ProjectConfigurationPlatforms) = postSolution
		{2548D43D-2BA4-42E1-AC6F-4F67341A135A}.Debug|Any CPU.ActiveCfg = Debug|Any CPU
		{2548D43D-2BA4-42E1-AC6F-4F67341A135A}.Debug|Any CPU.Build.0 = Debug|Any CPU
		{2548D43D-2BA4-42E1-AC6F-4F67341A135A}.Release|Any CPU.ActiveCfg = Release|Any CPU
		{2548D43D-2BA4-42E1-AC6F-4F67341A135A}.Release|Any CPU.Build.0 = Release|Any CPU
	EndGlobalSection
EndGlobal
